
Microsoft Visual Studio Solution File, Format Version 12.00
# Visual Studio Version 17
VisualStudioVersion = 17.5.33516.290
MinimumVisualStudioVersion = 10.0.40219.1
Project("{FAE04EC0-301F-11D3-BF4B-00C04F79EFBC}") = "BDSM", "BDSM.csproj", "{2CD99161-035B-4536-BF1C-1C447E99933D}"
EndProject
Global
	GlobalSection(SolutionConfigurationPlatforms) = preSolution
		Debug|Any CPU = Debug|Any CPU
		Release|Any CPU = Release|Any CPU
	EndGlobalSection
	GlobalSection(ProjectConfigurationPlatforms) = postSolution
		{2CD99161-035B-4536-BF1C-1C447E99933D}.Debug|Any CPU.ActiveCfg = Debug|Any CPU
		{2CD99161-035B-4536-BF1C-1C447E99933D}.Debug|Any CPU.Build.0 = Debug|Any CPU
		{2CD99161-035B-4536-BF1C-1C447E99933D}.Release|Any CPU.ActiveCfg = Release|Any CPU
		{2CD99161-035B-4536-BF1C-1C447E99933D}.Release|Any CPU.Build.0 = Release|Any CPU
	EndGlobalSection
	GlobalSection(SolutionProperties) = preSolution
		HideSolutionNode = FALSE
	EndGlobalSection
	GlobalSection(ExtensibilityGlobals) = postSolution
		SolutionGuid = {65BCB449-27DB-4746-A842-B44BACF4F48E}
	EndGlobalSection
EndGlobal
